# This file is automatically @generated by Poetry 1.8.3 and should not be changed by hand.

[[package]]
name = "cupy-cuda11x"
version = "13.2.0"
description = "CuPy: NumPy & SciPy for GPU"
optional = false
python-versions = ">=3.9"
files = [
    {file = "cupy_cuda11x-13.2.0-cp310-cp310-manylinux2014_aarch64.whl", hash = "sha256:a214b740acb73f1a099b3be7329ac21bcd8e4988f284846cef57e0c510571894"},
    {file = "cupy_cuda11x-13.2.0-cp310-cp310-manylinux2014_x86_64.whl", hash = "sha256:93a8faa05721ad1132c6262dcdb2a07d89184d56bc20362f7b2ea6af4b9cf0db"},
    {file = "cupy_cuda11x-13.2.0-cp310-cp310-win_amd64.whl", hash = "sha256:ff85ab0b4e390fae8a47f40fc3766df631d1d135cb712eecd99dcad99d89f4d7"},
    {file = "cupy_cuda11x-13.2.0-cp311-cp311-manylinux2014_aarch64.whl", hash = "sha256:855f582e1594c7198b9476448157164bf110a53d63b920351f4cbfabf9ba0e0c"},
    {file = "cupy_cuda11x-13.2.0-cp311-cp311-manylinux2014_x86_64.whl", hash = "sha256:c3834b89b04a6039b02b3de28209eb6278697f088807085a4d6342572ec8a1d0"},
    {file = "cupy_cuda11x-13.2.0-cp311-cp311-win_amd64.whl", hash = "sha256:01d5ba9996f89db5c3cee489095f5ea82f7aa93db5255165fcacba1d969aec98"},
    {file = "cupy_cuda11x-13.2.0-cp312-cp312-manylinux2014_aarch64.whl", hash = "sha256:d4f7de1f2cf8c5a19fe169bde202f246e486ab01476b74a39aad0d12a4f971d0"},
    {file = "cupy_cuda11x-13.2.0-cp312-cp312-manylinux2014_x86_64.whl", hash = "sha256:dde2d4fd82e78c962cfd7f3f1a6ebcb7e464f9cf14bf12fd15f545e146423956"},
    {file = "cupy_cuda11x-13.2.0-cp312-cp312-win_amd64.whl", hash = "sha256:7221f64dae25600ec33f3e3e3c5cfcdea33a8dc98ceae674996c349ea9358b2b"},
    {file = "cupy_cuda11x-13.2.0-cp39-cp39-manylinux2014_aarch64.whl", hash = "sha256:55a83d7f547908eeef962f63b013b9036107ca9106a64d60c10524e05396d5d5"},
    {file = "cupy_cuda11x-13.2.0-cp39-cp39-manylinux2014_x86_64.whl", hash = "sha256:394a6217dc7823b815c7c3c5b15bfb35f7f0a0cc9b28fab2acf262469c08f592"},
    {file = "cupy_cuda11x-13.2.0-cp39-cp39-win_amd64.whl", hash = "sha256:e5a2f4ec1b0f59e29d6a3caef089ef4e5c7dc130cf0ba7a5d6a5b5f6b27ae65f"},
]

[package.dependencies]
fastrlock = ">=0.5"
numpy = ">=1.22,<2.3"

[package.extras]
all = ["Cython (>=0.29.22,<3)", "optuna (>=2.0)", "scipy (>=1.7,<1.14)"]
stylecheck = ["autopep8 (==1.5.5)", "flake8 (==3.8.4)", "mypy (==1.4.1)", "pbr (==5.5.1)", "pycodestyle (==2.6.0)", "types-setuptools (==57.4.14)"]
test = ["hypothesis (>=6.37.2,<6.55.0)", "mpmath", "pytest (>=7.2)"]

[[package]]
name = "fastrlock"
version = "0.8.2"
description = "Fast, re-entrant optimistic lock implemented in Cython"
optional = false
python-versions = "*"
files = [
    {file = "fastrlock-0.8.2-cp27-cp27m-macosx_10_15_x86_64.whl", hash = "sha256:94e348c72a1fd1f8191f25ea056448e4f5a87b8fbf005b39d290dcb0581a48cd"},
    {file = "fastrlock-0.8.2-cp27-cp27m-manylinux_2_5_i686.manylinux1_i686.whl", hash = "sha256:2d5595903444c854b99c42122b87edfe8a37cd698a4eae32f4fd1d2a7b6c115d"},
    {file = "fastrlock-0.8.2-cp27-cp27m-manylinux_2_5_x86_64.manylinux1_x86_64.whl", hash = "sha256:e4bbde174a0aff5f6eeba75cf8c4c5d2a316316bc21f03a0bddca0fc3659a6f3"},
    {file = "fastrlock-0.8.2-cp27-cp27mu-manylinux_2_5_i686.manylinux1_i686.whl", hash = "sha256:7a2ccaf88ac0db153e84305d1ef0aa138cea82c6a88309066f6eaa3bc98636cd"},
    {file = "fastrlock-0.8.2-cp27-cp27mu-manylinux_2_5_x86_64.manylinux1_x86_64.whl", hash = "sha256:31a27a2edf482df72b91fe6c6438314d2c65290aa7becc55589d156c9b91f0da"},
    {file = "fastrlock-0.8.2-cp310-cp310-macosx_11_0_x86_64.whl", hash = "sha256:e9904b5b37c3e5bb4a245c56bc4b7e497da57ffb8528f4fc39af9dcb168ee2e1"},
    {file = "fastrlock-0.8.2-cp310-cp310-manylinux_2_17_aarch64.manylinux2014_aarch64.manylinux_2_24_aarch64.whl", hash = "sha256:43a241655e83e4603a152192cf022d5ca348c2f4e56dfb02e5c9c4c1a32f9cdb"},
    {file = "fastrlock-0.8.2-cp310-cp310-manylinux_2_17_aarch64.manylinux2014_aarch64.manylinux_2_28_aarch64.whl", hash = "sha256:9121a894d74e65557e47e777060a495ab85f4b903e80dd73a3c940ba042920d7"},
    {file = "fastrlock-0.8.2-cp310-cp310-manylinux_2_5_i686.manylinux1_i686.manylinux_2_24_i686.whl", hash = "sha256:11bbbbc526363955aeddb9eec4cee2a0012322b7b2f15b54f44454fcf4fd398a"},
    {file = "fastrlock-0.8.2-cp310-cp310-manylinux_2_5_x86_64.manylinux1_x86_64.manylinux_2_24_x86_64.whl", hash = "sha256:27786c62a400e282756ae1b090bcd7cfa35f28270cff65a9e7b27a5327a32561"},
    {file = "fastrlock-0.8.2-cp310-cp310-manylinux_2_5_x86_64.manylinux1_x86_64.manylinux_2_28_x86_64.whl", hash = "sha256:08315bde19d0c2e6b06593d5a418be3dc8f9b1ee721afa96867b9853fceb45cf"},
    {file = "fastrlock-0.8.2-cp310-cp310-musllinux_1_1_aarch64.whl", hash = "sha256:e8b49b5743ede51e0bcf6805741f39f5e0e0fd6a172ba460cb39e3097ba803bb"},
    {file = "fastrlock-0.8.2-cp310-cp310-musllinux_1_1_x86_64.whl", hash = "sha256:b443e73a4dfc7b6e0800ea4c13567b9694358e86f53bb2612a51c9e727cac67b"},
    {file = "fastrlock-0.8.2-cp310-cp310-win_amd64.whl", hash = "sha256:b3853ed4ce522598dc886160a7bab432a093051af85891fa2f5577c1dcac8ed6"},
    {file = "fastrlock-0.8.2-cp311-cp311-macosx_10_15_universal2.whl", hash = "sha256:790fc19bccbd39426060047e53629f171a44745613bf360a045e9f9c8c4a2cea"},
    {file = "fastrlock-0.8.2-cp311-cp311-manylinux_2_17_aarch64.manylinux2014_aarch64.manylinux_2_24_aarch64.whl", hash = "sha256:dbdce852e6bb66e1b8c36679d482971d69d93acf1785657522e51b7de30c3356"},
    {file = "fastrlock-0.8.2-cp311-cp311-manylinux_2_17_aarch64.manylinux2014_aarch64.manylinux_2_28_aarch64.whl", hash = "sha256:d47713ffe6d4a627fbf078be9836a95ac106b4a0543e3841572c91e292a5d885"},
    {file = "fastrlock-0.8.2-cp311-cp311-manylinux_2_5_i686.manylinux1_i686.manylinux_2_24_i686.whl", hash = "sha256:ea96503b918fceaf40443182742b8964d47b65c5ebdea532893cb9479620000c"},
    {file = "fastrlock-0.8.2-cp311-cp311-manylinux_2_5_x86_64.manylinux1_x86_64.manylinux_2_24_x86_64.whl", hash = "sha256:c6bffa978793bea5e1b00e677062e53a62255439339591b70e209fa1552d5ee0"},
    {file = "fastrlock-0.8.2-cp311-cp311-manylinux_2_5_x86_64.manylinux1_x86_64.manylinux_2_28_x86_64.whl", hash = "sha256:75c07726c8b1a52147fd7987d6baaa318c5dced1416c3f25593e40f56e10755b"},
    {file = "fastrlock-0.8.2-cp311-cp311-musllinux_1_1_aarch64.whl", hash = "sha256:88f079335e9da631efa64486c8207564a7bcd0c00526bb9e842e9d5b7e50a6cc"},
    {file = "fastrlock-0.8.2-cp311-cp311-musllinux_1_1_x86_64.whl", hash = "sha256:4fb2e77ff04bc4beb71d63c8e064f052ce5a6ea1e001d528d4d7f4b37d736f2e"},
    {file = "fastrlock-0.8.2-cp311-cp311-win_amd64.whl", hash = "sha256:b4c9083ea89ab236b06e9ef2263971db3b4b507195fc7d5eecab95828dcae325"},
    {file = "fastrlock-0.8.2-cp312-cp312-macosx_10_15_universal2.whl", hash = "sha256:98195866d3a9949915935d40a88e4f1c166e82e378f622c88025f2938624a90a"},
    {file = "fastrlock-0.8.2-cp312-cp312-manylinux_2_17_aarch64.manylinux2014_aarch64.manylinux_2_28_aarch64.whl", hash = "sha256:b22ea9bf5f9fad2b0077e944a7813f91593a4f61adf8faf734a70aed3f2b3a40"},
    {file = "fastrlock-0.8.2-cp312-cp312-manylinux_2_5_x86_64.manylinux1_x86_64.manylinux_2_28_x86_64.whl", hash = "sha256:dcc1bf0ac8a194313cf6e645e300a8a379674ceed8e0b1e910a2de3e3c28989e"},
    {file = "fastrlock-0.8.2-cp312-cp312-musllinux_1_1_aarch64.whl", hash = "sha256:a3dcc876050b8f5cbc0ee84ef1e7f0c1dfe7c148f10098828bc4403683c33f10"},
    {file = "fastrlock-0.8.2-cp312-cp312-musllinux_1_1_x86_64.whl", hash = "sha256:685e656048b59d8dfde8c601f188ad53a4d719eb97080cafc8696cda6d75865e"},
    {file = "fastrlock-0.8.2-cp312-cp312-win_amd64.whl", hash = "sha256:fb5363cf0fddd9b50525ddbf64a1e1b28ec4c6dfb28670a940cb1cf988a6786b"},
    {file = "fastrlock-0.8.2-cp35-cp35m-macosx_10_15_x86_64.whl", hash = "sha256:a74f5a92fa6e51c4f3c69b29c4662088b97be12f40652a21109605a175c81824"},
    {file = "fastrlock-0.8.2-cp35-cp35m-manylinux_2_5_i686.manylinux1_i686.whl", hash = "sha256:ccf39ad5702e33e4d335b48ef9d56e21619b529b7f7471b5211419f380329b62"},
    {file = "fastrlock-0.8.2-cp35-cp35m-manylinux_2_5_x86_64.manylinux1_x86_64.whl", hash = "sha256:66f2662c640bb71a1016a031eea6eef9d25c2bcdf7ffd1d1ddc5a58f9a1ced04"},
    {file = "fastrlock-0.8.2-cp36-cp36m-macosx_10_15_x86_64.whl", hash = "sha256:17734e2e5af4c07ddb0fb10bd484e062c22de3be6b67940b9cc6ec2f18fa61ba"},
    {file = "fastrlock-0.8.2-cp36-cp36m-manylinux_2_17_aarch64.manylinux2014_aarch64.manylinux_2_24_aarch64.whl", hash = "sha256:ab91b0c36e95d42e1041a4907e3eefd06c482d53af3c7a77be7e214cc7cd4a63"},
    {file = "fastrlock-0.8.2-cp36-cp36m-manylinux_2_17_aarch64.manylinux2014_aarch64.manylinux_2_28_aarch64.whl", hash = "sha256:b32fdf874868326351a75b1e4c02f97e802147119ae44c52d3d9da193ec34f5b"},
    {file = "fastrlock-0.8.2-cp36-cp36m-manylinux_2_5_i686.manylinux1_i686.manylinux_2_24_i686.whl", hash = "sha256:2074548a335fcf7d19ebb18d9208da9e33b06f745754466a7e001d2b1c58dd19"},
    {file = "fastrlock-0.8.2-cp36-cp36m-manylinux_2_5_i686.manylinux1_i686.whl", hash = "sha256:4fb04442b6d1e2b36c774919c6bcbe3339c61b337261d4bd57e27932589095af"},
    {file = "fastrlock-0.8.2-cp36-cp36m-manylinux_2_5_x86_64.manylinux1_x86_64.manylinux_2_24_x86_64.whl", hash = "sha256:1fed2f4797ad68e9982038423018cf08bec5f4ce9fed63a94a790773ed6a795c"},
    {file = "fastrlock-0.8.2-cp36-cp36m-manylinux_2_5_x86_64.manylinux1_x86_64.manylinux_2_28_x86_64.whl", hash = "sha256:e380ec4e6d8b26e389713995a43cb7fe56baea2d25fe073d4998c4821a026211"},
    {file = "fastrlock-0.8.2-cp36-cp36m-manylinux_2_5_x86_64.manylinux1_x86_64.whl", hash = "sha256:25945f962c7bd808415cfde3da624d4399d4ea71ed8918538375f16bceb79e1c"},
    {file = "fastrlock-0.8.2-cp36-cp36m-musllinux_1_1_aarch64.whl", hash = "sha256:2c1719ddc8218b01e82fb2e82e8451bd65076cb96d7bef4477194bbb4305a968"},
    {file = "fastrlock-0.8.2-cp36-cp36m-musllinux_1_1_x86_64.whl", hash = "sha256:5460c5ee6ced6d61ec8cd2324ebbe793a4960c4ffa2131ffff480e3b61c99ec5"},
    {file = "fastrlock-0.8.2-cp36-cp36m-win_amd64.whl", hash = "sha256:33145acbad8317584cd64588131c7e1e286beef6280c0009b4544c91fce171d2"},
    {file = "fastrlock-0.8.2-cp37-cp37m-manylinux_2_17_aarch64.manylinux2014_aarch64.manylinux_2_24_aarch64.whl", hash = "sha256:59344c1d46b7dec97d3f22f1cc930fafe8980b3c5bc9c9765c56738a5f1559e4"},
    {file = "fastrlock-0.8.2-cp37-cp37m-manylinux_2_17_aarch64.manylinux2014_aarch64.manylinux_2_28_aarch64.whl", hash = "sha256:b2a1c354f13f22b737621d914f3b4a8434ae69d3027a775e94b3e671756112f9"},
    {file = "fastrlock-0.8.2-cp37-cp37m-manylinux_2_5_i686.manylinux1_i686.manylinux_2_24_i686.whl", hash = "sha256:cf81e0278b645004388873e0a1f9e3bc4c9ab8c18e377b14ed1a544be4b18c9a"},
    {file = "fastrlock-0.8.2-cp37-cp37m-manylinux_2_5_i686.manylinux1_i686.whl", hash = "sha256:1b15430b93d7eb3d56f6ff690d2ebecb79ed0e58248427717eba150a508d1cd7"},
    {file = "fastrlock-0.8.2-cp37-cp37m-manylinux_2_5_x86_64.manylinux1_x86_64.manylinux_2_24_x86_64.whl", hash = "sha256:067edb0a0805bf61e17a251d5046af59f6e9d2b8ad01222e0ef7a0b7937d5548"},
    {file = "fastrlock-0.8.2-cp37-cp37m-manylinux_2_5_x86_64.manylinux1_x86_64.manylinux_2_28_x86_64.whl", hash = "sha256:eb31fe390f03f7ae886dcc374f1099ec88526631a4cb891d399b68181f154ff0"},
    {file = "fastrlock-0.8.2-cp37-cp37m-manylinux_2_5_x86_64.manylinux1_x86_64.whl", hash = "sha256:643e1e65b4f5b284427e61a894d876d10459820e93aa1e724dfb415117be24e0"},
    {file = "fastrlock-0.8.2-cp37-cp37m-musllinux_1_1_aarch64.whl", hash = "sha256:5dfb78dd600a12f23fc0c3ec58f81336229fdc74501ecf378d1ce5b3f2f313ea"},
    {file = "fastrlock-0.8.2-cp37-cp37m-musllinux_1_1_x86_64.whl", hash = "sha256:b8ca0fe21458457077e4cb2d81e1ebdb146a00b3e9e2db6180a773f7ea905032"},
    {file = "fastrlock-0.8.2-cp37-cp37m-win_amd64.whl", hash = "sha256:d918dfe473291e8bfd8e13223ea5cb9b317bd9f50c280923776c377f7c64b428"},
    {file = "fastrlock-0.8.2-cp38-cp38-manylinux_2_17_aarch64.manylinux2014_aarch64.manylinux_2_24_aarch64.whl", hash = "sha256:c393af77c659a38bffbca215c0bcc8629ba4299568308dd7e4ff65d62cabed39"},
    {file = "fastrlock-0.8.2-cp38-cp38-manylinux_2_17_aarch64.manylinux2014_aarch64.manylinux_2_28_aarch64.whl", hash = "sha256:73426f5eb2ecc10626c67cf86bd0af9e00d53e80e5c67d5ce8e18376d6abfa09"},
    {file = "fastrlock-0.8.2-cp38-cp38-manylinux_2_5_i686.manylinux1_i686.manylinux_2_24_i686.whl", hash = "sha256:320fd55bafee3eb069cfb5d6491f811a912758387ef2193840e2663e80e16f48"},
    {file = "fastrlock-0.8.2-cp38-cp38-manylinux_2_5_i686.manylinux1_i686.whl", hash = "sha256:8c1c91a68926421f5ccbc82c85f83bd3ba593b121a46a1b9a554b3f0dd67a4bf"},
    {file = "fastrlock-0.8.2-cp38-cp38-manylinux_2_5_x86_64.manylinux1_x86_64.manylinux_2_24_x86_64.whl", hash = "sha256:ad1bc61c7f6b0e58106aaab034916b6cb041757f708b07fbcdd9d6e1ac629225"},
    {file = "fastrlock-0.8.2-cp38-cp38-manylinux_2_5_x86_64.manylinux1_x86_64.manylinux_2_28_x86_64.whl", hash = "sha256:87f4e01b042c84e6090dbc4fbe3415ddd69f6bc0130382323f9d3f1b8dd71b46"},
    {file = "fastrlock-0.8.2-cp38-cp38-manylinux_2_5_x86_64.manylinux1_x86_64.whl", hash = "sha256:d34546ad2e4a480b94b6797bcc5a322b3c705c4c74c3e4e545c4a3841c1b2d59"},
    {file = "fastrlock-0.8.2-cp38-cp38-musllinux_1_1_aarch64.whl", hash = "sha256:ebb32d776b61acd49f859a1d16b9e3d84e7b46d0d92aebd58acd54dc38e96664"},
    {file = "fastrlock-0.8.2-cp38-cp38-musllinux_1_1_x86_64.whl", hash = "sha256:30bdbe4662992348132d03996700e1cf910d141d629179b967b146a22942264e"},
    {file = "fastrlock-0.8.2-cp38-cp38-win_amd64.whl", hash = "sha256:07ed3c7b3867c05a3d6be4ced200c7767000f3431b9be6da66972822dd86e8be"},
    {file = "fastrlock-0.8.2-cp39-cp39-macosx_11_0_x86_64.whl", hash = "sha256:ddf5d247f686aec853ddcc9a1234bfcc6f57b0a0670d2ad82fc25d8ae7e6a15f"},
    {file = "fastrlock-0.8.2-cp39-cp39-manylinux_2_17_aarch64.manylinux2014_aarch64.manylinux_2_24_aarch64.whl", hash = "sha256:7269bb3fc15587b0c191eecd95831d771a7d80f0c48929e560806b038ff3066c"},
    {file = "fastrlock-0.8.2-cp39-cp39-manylinux_2_17_aarch64.manylinux2014_aarch64.manylinux_2_28_aarch64.whl", hash = "sha256:adcb9e77aa132cc6c9de2ffe7cf880a20aa8cdba21d367d1da1a412f57bddd5d"},
    {file = "fastrlock-0.8.2-cp39-cp39-manylinux_2_5_i686.manylinux1_i686.manylinux_2_24_i686.whl", hash = "sha256:a3b8b5d2935403f1b4b25ae324560e94b59593a38c0d2e7b6c9872126a9622ed"},
    {file = "fastrlock-0.8.2-cp39-cp39-manylinux_2_5_i686.manylinux1_i686.whl", hash = "sha256:2587cedbb36c7988e707d83f0f1175c1f882f362b5ebbee25d70218ea33d220d"},
    {file = "fastrlock-0.8.2-cp39-cp39-manylinux_2_5_x86_64.manylinux1_x86_64.manylinux_2_24_x86_64.whl", hash = "sha256:9af691a9861027181d4de07ed74f0aee12a9650ac60d0a07f4320bff84b5d95f"},
    {file = "fastrlock-0.8.2-cp39-cp39-manylinux_2_5_x86_64.manylinux1_x86_64.manylinux_2_28_x86_64.whl", hash = "sha256:99dd6652bd6f730beadf74ef769d38c6bbd8ee6d1c15c8d138ea680b0594387f"},
    {file = "fastrlock-0.8.2-cp39-cp39-manylinux_2_5_x86_64.manylinux1_x86_64.whl", hash = "sha256:4d63b6596368dab9e0cc66bf047e7182a56f33b34db141816a4f21f5bf958228"},
    {file = "fastrlock-0.8.2-cp39-cp39-musllinux_1_1_aarch64.whl", hash = "sha256:ff75c90663d6e8996610d435e71487daa853871ad1770dd83dc0f2fc4997241e"},
    {file = "fastrlock-0.8.2-cp39-cp39-musllinux_1_1_x86_64.whl", hash = "sha256:e27c3cd27fbd25e5223c5c992b300cd4ee8f0a75c6f222ce65838138d853712c"},
    {file = "fastrlock-0.8.2-cp39-cp39-win_amd64.whl", hash = "sha256:dd961a32a7182c3891cdebca417fda67496d5d5de6ae636962254d22723bdf52"},
    {file = "fastrlock-0.8.2.tar.gz", hash = "sha256:644ec9215cf9c4df8028d8511379a15d9c1af3e16d80e47f1b6fdc6ba118356a"},
]

[[package]]
name = "numpy"
version = "2.0.1"
description = "Fundamental package for array computing in Python"
optional = false
python-versions = ">=3.9"
files = [
    {file = "numpy-2.0.1-cp310-cp310-macosx_10_9_x86_64.whl", hash = "sha256:0fbb536eac80e27a2793ffd787895242b7f18ef792563d742c2d673bfcb75134"},
    {file = "numpy-2.0.1-cp310-cp310-macosx_11_0_arm64.whl", hash = "sha256:69ff563d43c69b1baba77af455dd0a839df8d25e8590e79c90fcbe1499ebde42"},
    {file = "numpy-2.0.1-cp310-cp310-macosx_14_0_arm64.whl", hash = "sha256:1b902ce0e0a5bb7704556a217c4f63a7974f8f43e090aff03fcf262e0b135e02"},
    {file = "numpy-2.0.1-cp310-cp310-macosx_14_0_x86_64.whl", hash = "sha256:f1659887361a7151f89e79b276ed8dff3d75877df906328f14d8bb40bb4f5101"},
    {file = "numpy-2.0.1-cp310-cp310-manylinux_2_17_aarch64.manylinux2014_aarch64.whl", hash = "sha256:4658c398d65d1b25e1760de3157011a80375da861709abd7cef3bad65d6543f9"},
    {file = "numpy-2.0.1-cp310-cp310-manylinux_2_17_x86_64.manylinux2014_x86_64.whl", hash = "sha256:4127d4303b9ac9f94ca0441138acead39928938660ca58329fe156f84b9f3015"},
    {file = "numpy-2.0.1-cp310-cp310-musllinux_1_1_x86_64.whl", hash = "sha256:e5eeca8067ad04bc8a2a8731183d51d7cbaac66d86085d5f4766ee6bf19c7f87"},
    {file = "numpy-2.0.1-cp310-cp310-musllinux_1_2_aarch64.whl", hash = "sha256:9adbd9bb520c866e1bfd7e10e1880a1f7749f1f6e5017686a5fbb9b72cf69f82"},
    {file = "numpy-2.0.1-cp310-cp310-win32.whl", hash = "sha256:7b9853803278db3bdcc6cd5beca37815b133e9e77ff3d4733c247414e78eb8d1"},
    {file = "numpy-2.0.1-cp310-cp310-win_amd64.whl", hash = "sha256:81b0893a39bc5b865b8bf89e9ad7807e16717f19868e9d234bdaf9b1f1393868"},
    {file = "numpy-2.0.1-cp311-cp311-macosx_10_9_x86_64.whl", hash = "sha256:75b4e316c5902d8163ef9d423b1c3f2f6252226d1aa5cd8a0a03a7d01ffc6268"},
    {file = "numpy-2.0.1-cp311-cp311-macosx_11_0_arm64.whl", hash = "sha256:6e4eeb6eb2fced786e32e6d8df9e755ce5be920d17f7ce00bc38fcde8ccdbf9e"},
    {file = "numpy-2.0.1-cp311-cp311-macosx_14_0_arm64.whl", hash = "sha256:a1e01dcaab205fbece13c1410253a9eea1b1c9b61d237b6fa59bcc46e8e89343"},
    {file = "numpy-2.0.1-cp311-cp311-macosx_14_0_x86_64.whl", hash = "sha256:a8fc2de81ad835d999113ddf87d1ea2b0f4704cbd947c948d2f5513deafe5a7b"},
    {file = "numpy-2.0.1-cp311-cp311-manylinux_2_17_aarch64.manylinux2014_aarch64.whl", hash = "sha256:5a3d94942c331dd4e0e1147f7a8699a4aa47dffc11bf8a1523c12af8b2e91bbe"},
    {file = "numpy-2.0.1-cp311-cp311-manylinux_2_17_x86_64.manylinux2014_x86_64.whl", hash = "sha256:15eb4eca47d36ec3f78cde0a3a2ee24cf05ca7396ef808dda2c0ddad7c2bde67"},
    {file = "numpy-2.0.1-cp311-cp311-musllinux_1_1_x86_64.whl", hash = "sha256:b83e16a5511d1b1f8a88cbabb1a6f6a499f82c062a4251892d9ad5d609863fb7"},
    {file = "numpy-2.0.1-cp311-cp311-musllinux_1_2_aarch64.whl", hash = "sha256:1f87fec1f9bc1efd23f4227becff04bd0e979e23ca50cc92ec88b38489db3b55"},
    {file = "numpy-2.0.1-cp311-cp311-win32.whl", hash = "sha256:36d3a9405fd7c511804dc56fc32974fa5533bdeb3cd1604d6b8ff1d292b819c4"},
    {file = "numpy-2.0.1-cp311-cp311-win_amd64.whl", hash = "sha256:08458fbf403bff5e2b45f08eda195d4b0c9b35682311da5a5a0a0925b11b9bd8"},
    {file = "numpy-2.0.1-cp312-cp312-macosx_10_9_x86_64.whl", hash = "sha256:6bf4e6f4a2a2e26655717a1983ef6324f2664d7011f6ef7482e8c0b3d51e82ac"},
    {file = "numpy-2.0.1-cp312-cp312-macosx_11_0_arm64.whl", hash = "sha256:7d6fddc5fe258d3328cd8e3d7d3e02234c5d70e01ebe377a6ab92adb14039cb4"},
    {file = "numpy-2.0.1-cp312-cp312-macosx_14_0_arm64.whl", hash = "sha256:5daab361be6ddeb299a918a7c0864fa8618af66019138263247af405018b04e1"},
    {file = "numpy-2.0.1-cp312-cp312-macosx_14_0_x86_64.whl", hash = "sha256:ea2326a4dca88e4a274ba3a4405eb6c6467d3ffbd8c7d38632502eaae3820587"},
    {file = "numpy-2.0.1-cp312-cp312-manylinux_2_17_aarch64.manylinux2014_aarch64.whl", hash = "sha256:529af13c5f4b7a932fb0e1911d3a75da204eff023ee5e0e79c1751564221a5c8"},
    {file = "numpy-2.0.1-cp312-cp312-manylinux_2_17_x86_64.manylinux2014_x86_64.whl", hash = "sha256:6790654cb13eab303d8402354fabd47472b24635700f631f041bd0b65e37298a"},
    {file = "numpy-2.0.1-cp312-cp312-musllinux_1_1_x86_64.whl", hash = "sha256:cbab9fc9c391700e3e1287666dfd82d8666d10e69a6c4a09ab97574c0b7ee0a7"},
    {file = "numpy-2.0.1-cp312-cp312-musllinux_1_2_aarch64.whl", hash = "sha256:99d0d92a5e3613c33a5f01db206a33f8fdf3d71f2912b0de1739894668b7a93b"},
    {file = "numpy-2.0.1-cp312-cp312-win32.whl", hash = "sha256:173a00b9995f73b79eb0191129f2455f1e34c203f559dd118636858cc452a1bf"},
    {file = "numpy-2.0.1-cp312-cp312-win_amd64.whl", hash = "sha256:bb2124fdc6e62baae159ebcfa368708867eb56806804d005860b6007388df171"},
    {file = "numpy-2.0.1-cp39-cp39-macosx_10_9_x86_64.whl", hash = "sha256:bfc085b28d62ff4009364e7ca34b80a9a080cbd97c2c0630bb5f7f770dae9414"},
    {file = "numpy-2.0.1-cp39-cp39-macosx_11_0_arm64.whl", hash = "sha256:8fae4ebbf95a179c1156fab0b142b74e4ba4204c87bde8d3d8b6f9c34c5825ef"},
    {file = "numpy-2.0.1-cp39-cp39-macosx_14_0_arm64.whl", hash = "sha256:72dc22e9ec8f6eaa206deb1b1355eb2e253899d7347f5e2fae5f0af613741d06"},
    {file = "numpy-2.0.1-cp39-cp39-macosx_14_0_x86_64.whl", hash = "sha256:ec87f5f8aca726117a1c9b7083e7656a9d0d606eec7299cc067bb83d26f16e0c"},
    {file = "numpy-2.0.1-cp39-cp39-manylinux_2_17_aarch64.manylinux2014_aarch64.whl", hash = "sha256:1f682ea61a88479d9498bf2091fdcd722b090724b08b31d63e022adc063bad59"},
    {file = "numpy-2.0.1-cp39-cp39-manylinux_2_17_x86_64.manylinux2014_x86_64.whl", hash = "sha256:8efc84f01c1cd7e34b3fb310183e72fcdf55293ee736d679b6d35b35d80bba26"},
    {file = "numpy-2.0.1-cp39-cp39-musllinux_1_1_x86_64.whl", hash = "sha256:3fdabe3e2a52bc4eff8dc7a5044342f8bd9f11ef0934fcd3289a788c0eb10018"},
    {file = "numpy-2.0.1-cp39-cp39-musllinux_1_2_aarch64.whl", hash = "sha256:24a0e1befbfa14615b49ba9659d3d8818a0f4d8a1c5822af8696706fbda7310c"},
    {file = "numpy-2.0.1-cp39-cp39-win32.whl", hash = "sha256:f9cf5ea551aec449206954b075db819f52adc1638d46a6738253a712d553c7b4"},
    {file = "numpy-2.0.1-cp39-cp39-win_amd64.whl", hash = "sha256:e9e81fa9017eaa416c056e5d9e71be93d05e2c3c2ab308d23307a8bc4443c368"},
    {file = "numpy-2.0.1-pp39-pypy39_pp73-macosx_10_9_x86_64.whl", hash = "sha256:61728fba1e464f789b11deb78a57805c70b2ed02343560456190d0501ba37b0f"},
    {file = "numpy-2.0.1-pp39-pypy39_pp73-macosx_14_0_x86_64.whl", hash = "sha256:12f5d865d60fb9734e60a60f1d5afa6d962d8d4467c120a1c0cda6eb2964437d"},
    {file = "numpy-2.0.1-pp39-pypy39_pp73-manylinux_2_17_x86_64.manylinux2014_x86_64.whl", hash = "sha256:eacf3291e263d5a67d8c1a581a8ebbcfd6447204ef58828caf69a5e3e8c75990"},
    {file = "numpy-2.0.1-pp39-pypy39_pp73-win_amd64.whl", hash = "sha256:2c3a346ae20cfd80b6cfd3e60dc179963ef2ea58da5ec074fd3d9e7a1e7ba97f"},
    {file = "numpy-2.0.1.tar.gz", hash = "sha256:485b87235796410c3519a699cfe1faab097e509e90ebb05dcd098db2ae87e7b3"},
]

[[package]]
name = "skinnygrad"
version = "0.0.0a1"
description = "autodiff engine inspired by tinygrad"
optional = false
python-versions = "<4.0,>=3.11"
files = [
    {file = "skinnygrad-0.0.0a1-py3-none-any.whl", hash = "sha256:58a0073faf34e31f1003db0bed0939db8fbb0c0ff4f6d4c79fb97b165b59729d"},
    {file = "skinnygrad-0.0.0a1.tar.gz", hash = "sha256:47cd11bfb7cfabb3759170a827b7802f8d159917b6629938550f480fe2b396fb"},
]

[package.dependencies]
numpy = ">=2.0.0,<3.0.0"

[metadata]
lock-version = "2.0"
python-versions = "^3.11"
content-hash = "38c720c622f854606e5852dfdf2b894332b762ffa4c08cf1902eac27aa70c0b1"
